
Microsoft Visual Studio Solution File, Format Version 12.00
# Visual Studio 15
VisualStudioVersion = 15.0.26124.0
MinimumVisualStudioVersion = 15.0.26124.0
Project("{9A19103F-16F7-4668-BE54-9A1E7A4F7556}") = "R5T.Thessaloniki.CDrive.Construction", "R5T.Thessaloniki.CDrive.Construction\R5T.Thessaloniki.CDrive.Construction.csproj", "{D4A463E1-A271-4850-9E82-C73805DC28D9}"
EndProject
Project("{9A19103F-16F7-4668-BE54-9A1E7A4F7556}") = "R5T.Thessaloniki.CDrive", "R5T.Thessaloniki.CDrive\R5T.Thessaloniki.CDrive.csproj", "{0731B554-CA34-4514-83C7-E51C8D3679E9}"
EndProject
Project("{9A19103F-16F7-4668-BE54-9A1E7A4F7556}") = "R5T.Thessaloniki.CDrive.Testing", "R5T.Thessaloniki.CDrive.Testing\R5T.Thessaloniki.CDrive.Testing.csproj", "{B26F8B7B-85FE-4883-A684-0DEA9B443662}"
EndProject
Project("{9A19103F-16F7-4668-BE54-9A1E7A4F7556}") = "R5T.Thessaloniki.Copenhagen", "..\..\R5T.Thessaloniki.Copenhagen\source\R5T.Thessaloniki.Copenhagen\R5T.Thessaloniki.Copenhagen.csproj", "{4E87B087-D650-4203-B1E1-A8C415520DAD}"
EndProject
Project("{2150E333-8FDC-42A3-9474-1A3956D46DE8}") = "_Dependencies", "_Dependencies", "{8118747A-1DF5-4A7B-99A1-10DF12604C72}"
EndProject
Project("{9A19103F-16F7-4668-BE54-9A1E7A4F7556}") = "R5T.Copenhagen.Standard", "..\..\R5T.Copenhagen.Standard\source\R5T.Copenhagen.Standard\R5T.Copenhagen.Standard.csproj", "{17A1837A-CFB5-4B44-B513-3C3B08F45C63}"
EndProject
Project("{9A19103F-16F7-4668-BE54-9A1E7A4F7556}") = "R5T.Lombardy.Standard", "..\..\R5T.Lombardy.Standard\source\R5T.Lombardy.Standard\R5T.Lombardy.Standard.csproj", "{407ECF31-AB60-4856-8E35-B97C55FD163F}"
EndProject
Project("{9A19103F-16F7-4668-BE54-9A1E7A4F7556}") = "R5T.Troy.Standard", "..\..\R5T.Troy.Standard\source\R5T.Troy.Standard\R5T.Troy.Standard.csproj", "{4BAFACE4-699B-440E-89DD-B5498BC8530E}"
EndProject
Project("{9A19103F-16F7-4668-BE54-9A1E7A4F7556}") = "R5T.Canterbury.Standard", "..\..\R5T.Canterbury.Standard\source\R5T.Canterbury.Standard\R5T.Canterbury.Standard.csproj", "{2251E66F-FC64-4A5F-87F3-8EF2EF760E2C}"
EndProject
Project("{9A19103F-16F7-4668-BE54-9A1E7A4F7556}") = "R5T.Canterbury.Default", "..\..\R5T.Canterbury.Default\source\R5T.Canterbury.Default\R5T.Canterbury.Default.csproj", "{142B3802-C400-4BF3-AE41-EEF3EDFADC4D}"
EndProject
Project("{9A19103F-16F7-4668-BE54-9A1E7A4F7556}") = "R5T.Canterbury.Base", "..\..\R5T.Canterbury.Base\source\R5T.Canterbury.Base\R5T.Canterbury.Base.csproj", "{A9ECF40E-B00B-4D9F-96D2-CF3F7E24D9C0}"
EndProject
Project("{9A19103F-16F7-4668-BE54-9A1E7A4F7556}") = "R5T.Dacia", "..\..\R5T.Dacia\source\R5T.Dacia\R5T.Dacia.csproj", "{27271AE1-A44E-427D-94AE-B2CC8619E54E}"
EndProject
Project("{9A19103F-16F7-4668-BE54-9A1E7A4F7556}") = "R5T.Copenhagen.Default", "..\..\R5T.Copenhagen.Default\source\R5T.Copenhagen.Default\R5T.Copenhagen.Default.csproj", "{1B64E0D5-401B-4104-AB1C-D031FE5B03A7}"
EndProject
Project("{9A19103F-16F7-4668-BE54-9A1E7A4F7556}") = "R5T.Copenhagen.Base", "..\..\R5T.Copenhagen.Base\source\R5T.Copenhagen.Base\R5T.Copenhagen.Base.csproj", "{884347E3-619E-4888-AE67-174A189B5207}"
EndProject
Project("{9A19103F-16F7-4668-BE54-9A1E7A4F7556}") = "R5T.Lombardy", "..\..\R5T.Lombardy\source\R5T.Lombardy\R5T.Lombardy.csproj", "{B7F2AA5E-6A13-4C71-86C6-F919AA7F8649}"
EndProject
Project("{9A19103F-16F7-4668-BE54-9A1E7A4F7556}") = "R5T.Cherusci", "..\..\R5T.Cherusci\source\R5T.Cherusci\R5T.Cherusci.csproj", "{875DC9B2-73C3-478F-9174-07D646E49AF5}"
EndProject
Project("{9A19103F-16F7-4668-BE54-9A1E7A4F7556}") = "R5T.Lombardy.Base", "..\..\R5T.Lombardy.Base\source\R5T.Lombardy.Base\R5T.Lombardy.Base.csproj", "{6A218379-2D9C-4507-8DB2-593DAC10A988}"
EndProject
Project("{9A19103F-16F7-4668-BE54-9A1E7A4F7556}") = "R5T.Magyar", "..\..\R5T.Magyar\source\R5T.Magyar\R5T.Magyar.csproj", "{EF00608F-5071-406C-8CC3-095BC2C420D8}"
EndProject
Project("{9A19103F-16F7-4668-BE54-9A1E7A4F7556}") = "R5T.Rugia", "..\..\R5T.Rugia\source\R5T.Rugia\R5T.Rugia.csproj", "{9EB3653F-C703-4993-8BED-2C911A8D6B92}"
EndProject
Project("{9A19103F-16F7-4668-BE54-9A1E7A4F7556}") = "R5T.Rugia.Base", "..\..\R5T.Rugia.Base\source\R5T.Rugia.Base\R5T.Rugia.Base.csproj", "{03B1FA08-54B8-4284-A638-8854CC409C08}"
EndProject
Project("{9A19103F-16F7-4668-BE54-9A1E7A4F7556}") = "R5T.Thessaloniki.Base", "..\..\R5T.Thessaloniki.Base\source\R5T.Thessaloniki.Base\R5T.Thessaloniki.Base.csproj", "{51E78178-62C8-4808-8352-F7AA4F70070E}"
EndProject
Project("{9A19103F-16F7-4668-BE54-9A1E7A4F7556}") = "R5T.Troy.Base", "..\..\R5T.Troy.Base\source\R5T.Troy.Base\R5T.Troy.Base.csproj", "{EF8D9C7F-CAF9-4E55-A0A0-169A0C7733A0}"
EndProject
Project("{9A19103F-16F7-4668-BE54-9A1E7A4F7556}") = "R5T.Troy.Default", "..\..\R5T.Troy.Default\source\R5T.Troy.Default\R5T.Troy.Default.csproj", "{F56138BB-8C8E-4328-A187-988012FC9A5E}"
EndProject
Global
	GlobalSection(SolutionConfigurationPlatforms) = preSolution
		Debug|Any CPU = Debug|Any CPU
		Debug|x64 = Debug|x64
		Debug|x86 = Debug|x86
		Release|Any CPU = Release|Any CPU
		Release|x64 = Release|x64
		Release|x86 = Release|x86
	EndGlobalSection
	GlobalSection(ProjectConfigurationPlatforms) = postSolution
		{D4A463E1-A271-4850-9E82-C73805DC28D9}.Debug|Any CPU.ActiveCfg = Debug|Any CPU
		{D4A463E1-A271-4850-9E82-C73805DC28D9}.Debug|Any CPU.Build.0 = Debug|Any CPU
		{D4A463E1-A271-4850-9E82-C73805DC28D9}.Debug|x64.ActiveCfg = Debug|Any CPU
		{D4A463E1-A271-4850-9E82-C73805DC28D9}.Debug|x64.Build.0 = Debug|Any CPU
		{D4A463E1-A271-4850-9E82-C73805DC28D9}.Debug|x86.ActiveCfg = Debug|Any CPU
		{D4A463E1-A271-4850-9E82-C73805DC28D9}.Debug|x86.Build.0 = Debug|Any CPU
		{D4A463E1-A271-4850-9E82-C73805DC28D9}.Release|Any CPU.ActiveCfg = Release|Any CPU
		{D4A463E1-A271-4850-9E82-C73805DC28D9}.Release|Any CPU.Build.0 = Release|Any CPU
		{D4A463E1-A271-4850-9E82-C73805DC28D9}.Release|x64.ActiveCfg = Release|Any CPU
		{D4A463E1-A271-4850-9E82-C73805DC28D9}.Release|x64.Build.0 = Release|Any CPU
		{D4A463E1-A271-4850-9E82-C73805DC28D9}.Release|x86.ActiveCfg = Release|Any CPU
		{D4A463E1-A271-4850-9E82-C73805DC28D9}.Release|x86.Build.0 = Release|Any CPU
		{0731B554-CA34-4514-83C7-E51C8D3679E9}.Debug|Any CPU.ActiveCfg = Debug|Any CPU
		{0731B554-CA34-4514-83C7-E51C8D3679E9}.Debug|Any CPU.Build.0 = Debug|Any CPU
		{0731B554-CA34-4514-83C7-E51C8D3679E9}.Debug|x64.ActiveCfg = Debug|Any CPU
		{0731B554-CA34-4514-83C7-E51C8D3679E9}.Debug|x64.Build.0 = Debug|Any CPU
		{0731B554-CA34-4514-83C7-E51C8D3679E9}.Debug|x86.ActiveCfg = Debug|Any CPU
		{0731B554-CA34-4514-83C7-E51C8D3679E9}.Debug|x86.Build.0 = Debug|Any CPU
		{0731B554-CA34-4514-83C7-E51C8D3679E9}.Release|Any CPU.ActiveCfg = Release|Any CPU
		{0731B554-CA34-4514-83C7-E51C8D3679E9}.Release|Any CPU.Build.0 = Release|Any CPU
		{0731B554-CA34-4514-83C7-E51C8D3679E9}.Release|x64.ActiveCfg = Release|Any CPU
		{0731B554-CA34-4514-83C7-E51C8D3679E9}.Release|x64.Build.0 = Release|Any CPU
		{0731B554-CA34-4514-83C7-E51C8D3679E9}.Release|x86.ActiveCfg = Release|Any CPU
		{0731B554-CA34-4514-83C7-E51C8D3679E9}.Release|x86.Build.0 = Release|Any CPU
		{B26F8B7B-85FE-4883-A684-0DEA9B443662}.Debug|Any CPU.ActiveCfg = Debug|Any CPU
		{B26F8B7B-85FE-4883-A684-0DEA9B443662}.Debug|Any CPU.Build.0 = Debug|Any CPU
		{B26F8B7B-85FE-4883-A684-0DEA9B443662}.Debug|x64.ActiveCfg = Debug|Any CPU
		{B26F8B7B-85FE-4883-A684-0DEA9B443662}.Debug|x64.Build.0 = Debug|Any CPU
		{B26F8B7B-85FE-4883-A684-0DEA9B443662}.Debug|x86.ActiveCfg = Debug|Any CPU
		{B26F8B7B-85FE-4883-A684-0DEA9B443662}.Debug|x86.Build.0 = Debug|Any CPU
		{B26F8B7B-85FE-4883-A684-0DEA9B443662}.Release|Any CPU.ActiveCfg = Release|Any CPU
		{B26F8B7B-85FE-4883-A684-0DEA9B443662}.Release|Any CPU.Build.0 = Release|Any CPU
		{B26F8B7B-85FE-4883-A684-0DEA9B443662}.Release|x64.ActiveCfg = Release|Any CPU
		{B26F8B7B-85FE-4883-A684-0DEA9B443662}.Release|x64.Build.0 = Release|Any CPU
		{B26F8B7B-85FE-4883-A684-0DEA9B443662}.Release|x86.ActiveCfg = Release|Any CPU
		{B26F8B7B-85FE-4883-A684-0DEA9B443662}.Release|x86.Build.0 = Release|Any CPU
		{4E87B087-D650-4203-B1E1-A8C415520DAD}.Debug|Any CPU.ActiveCfg = Debug|Any CPU
		{4E87B087-D650-4203-B1E1-A8C415520DAD}.Debug|Any CPU.Build.0 = Debug|Any CPU
		{4E87B087-D650-4203-B1E1-A8C415520DAD}.Debug|x64.ActiveCfg = Debug|Any CPU
		{4E87B087-D650-4203-B1E1-A8C415520DAD}.Debug|x64.Build.0 = Debug|Any CPU
		{4E87B087-D650-4203-B1E1-A8C415520DAD}.Debug|x86.ActiveCfg = Debug|Any CPU
		{4E87B087-D650-4203-B1E1-A8C415520DAD}.Debug|x86.Build.0 = Debug|Any CPU
		{4E87B087-D650-4203-B1E1-A8C415520DAD}.Release|Any CPU.ActiveCfg = Release|Any CPU
		{4E87B087-D650-4203-B1E1-A8C415520DAD}.Release|Any CPU.Build.0 = Release|Any CPU
		{4E87B087-D650-4203-B1E1-A8C415520DAD}.Release|x64.ActiveCfg = Release|Any CPU
		{4E87B087-D650-4203-B1E1-A8C415520DAD}.Release|x64.Build.0 = Release|Any CPU
		{4E87B087-D650-4203-B1E1-A8C415520DAD}.Release|x86.ActiveCfg = Release|Any CPU
		{4E87B087-D650-4203-B1E1-A8C415520DAD}.Release|x86.Build.0 = Release|Any CPU
		{17A1837A-CFB5-4B44-B513-3C3B08F45C63}.Debug|Any CPU.ActiveCfg = Debug|Any CPU
		{17A1837A-CFB5-4B44-B513-3C3B08F45C63}.Debug|Any CPU.Build.0 = Debug|Any CPU
		{17A1837A-CFB5-4B44-B513-3C3B08F45C63}.Debug|x64.ActiveCfg = Debug|Any CPU
		{17A1837A-CFB5-4B44-B513-3C3B08F45C63}.Debug|x64.Build.0 = Debug|Any CPU
		{17A1837A-CFB5-4B44-B513-3C3B08F45C63}.Debug|x86.ActiveCfg = Debug|Any CPU
		{17A1837A-CFB5-4B44-B513-3C3B08F45C63}.Debug|x86.Build.0 = Debug|Any CPU
		{17A1837A-CFB5-4B44-B513-3C3B08F45C63}.Release|Any CPU.ActiveCfg = Release|Any CPU
		{17A1837A-CFB5-4B44-B513-3C3B08F45C63}.Release|Any CPU.Build.0 = Release|Any CPU
		{17A1837A-CFB5-4B44-B513-3C3B08F45C63}.Release|x64.ActiveCfg = Release|Any CPU
		{17A1837A-CFB5-4B44-B513-3C3B08F45C63}.Release|x64.Build.0 = Release|Any CPU
		{17A1837A-CFB5-4B44-B513-3C3B08F45C63}.Release|x86.ActiveCfg = Release|Any CPU
		{17A1837A-CFB5-4B44-B513-3C3B08F45C63}.Release|x86.Build.0 = Release|Any CPU
		{407ECF31-AB60-4856-8E35-B97C55FD163F}.Debug|Any CPU.ActiveCfg = Debug|Any CPU
		{407ECF31-AB60-4856-8E35-B97C55FD163F}.Debug|Any CPU.Build.0 = Debug|Any CPU
		{407ECF31-AB60-4856-8E35-B97C55FD163F}.Debug|x64.ActiveCfg = Debug|Any CPU
		{407ECF31-AB60-4856-8E35-B97C55FD163F}.Debug|x64.Build.0 = Debug|Any CPU
		{407ECF31-AB60-4856-8E35-B97C55FD163F}.Debug|x86.ActiveCfg = Debug|Any CPU
		{407ECF31-AB60-4856-8E35-B97C55FD163F}.Debug|x86.Build.0 = Debug|Any CPU
		{407ECF31-AB60-4856-8E35-B97C55FD163F}.Release|Any CPU.ActiveCfg = Release|Any CPU
		{407ECF31-AB60-4856-8E35-B97C55FD163F}.Release|Any CPU.Build.0 = Release|Any CPU
		{407ECF31-AB60-4856-8E35-B97C55FD163F}.Release|x64.ActiveCfg = Release|Any CPU
		{407ECF31-AB60-4856-8E35-B97C55FD163F}.Release|x64.Build.0 = Release|Any CPU
		{407ECF31-AB60-4856-8E35-B97C55FD163F}.Release|x86.ActiveCfg = Release|Any CPU
		{407ECF31-AB60-4856-8E35-B97C55FD163F}.Release|x86.Build.0 = Release|Any CPU
		{4BAFACE4-699B-440E-89DD-B5498BC8530E}.Debug|Any CPU.ActiveCfg = Debug|Any CPU
		{4BAFACE4-699B-440E-89DD-B5498BC8530E}.Debug|Any CPU.Build.0 = Debug|Any CPU
		{4BAFACE4-699B-440E-89DD-B5498BC8530E}.Debug|x64.ActiveCfg = Debug|Any CPU
		{4BAFACE4-699B-440E-89DD-B5498BC8530E}.Debug|x64.Build.0 = Debug|Any CPU
		{4BAFACE4-699B-440E-89DD-B5498BC8530E}.Debug|x86.ActiveCfg = Debug|Any CPU
		{4BAFACE4-699B-440E-89DD-B5498BC8530E}.Debug|x86.Build.0 = Debug|Any CPU
		{4BAFACE4-699B-440E-89DD-B5498BC8530E}.Release|Any CPU.ActiveCfg = Release|Any CPU
		{4BAFACE4-699B-440E-89DD-B5498BC8530E}.Release|Any CPU.Build.0 = Release|Any CPU
		{4BAFACE4-699B-440E-89DD-B5498BC8530E}.Release|x64.ActiveCfg = Release|Any CPU
		{4BAFACE4-699B-440E-89DD-B5498BC8530E}.Release|x64.Build.0 = Release|Any CPU
		{4BAFACE4-699B-440E-89DD-B5498BC8530E}.Release|x86.ActiveCfg = Release|Any CPU
		{4BAFACE4-699B-440E-89DD-B5498BC8530E}.Release|x86.Build.0 = Release|Any CPU
		{2251E66F-FC64-4A5F-87F3-8EF2EF760E2C}.Debug|Any CPU.ActiveCfg = Debug|Any CPU
		{2251E66F-FC64-4A5F-87F3-8EF2EF760E2C}.Debug|Any CPU.Build.0 = Debug|Any CPU
		{2251E66F-FC64-4A5F-87F3-8EF2EF760E2C}.Debug|x64.ActiveCfg = Debug|Any CPU
		{2251E66F-FC64-4A5F-87F3-8EF2EF760E2C}.Debug|x64.Build.0 = Debug|Any CPU
		{2251E66F-FC64-4A5F-87F3-8EF2EF760E2C}.Debug|x86.ActiveCfg = Debug|Any CPU
		{2251E66F-FC64-4A5F-87F3-8EF2EF760E2C}.Debug|x86.Build.0 = Debug|Any CPU
		{2251E66F-FC64-4A5F-87F3-8EF2EF760E2C}.Release|Any CPU.ActiveCfg = Release|Any CPU
		{2251E66F-FC64-4A5F-87F3-8EF2EF760E2C}.Release|Any CPU.Build.0 = Release|Any CPU
		{2251E66F-FC64-4A5F-87F3-8EF2EF760E2C}.Release|x64.ActiveCfg = Release|Any CPU
		{2251E66F-FC64-4A5F-87F3-8EF2EF760E2C}.Release|x64.Build.0 = Release|Any CPU
		{2251E66F-FC64-4A5F-87F3-8EF2EF760E2C}.Release|x86.ActiveCfg = Release|Any CPU
		{2251E66F-FC64-4A5F-87F3-8EF2EF760E2C}.Release|x86.Build.0 = Release|Any CPU
		{142B3802-C400-4BF3-AE41-EEF3EDFADC4D}.Debug|Any CPU.ActiveCfg = Debug|Any CPU
		{142B3802-C400-4BF3-AE41-EEF3EDFADC4D}.Debug|Any CPU.Build.0 = Debug|Any CPU
		{142B3802-C400-4BF3-AE41-EEF3EDFADC4D}.Debug|x64.ActiveCfg = Debug|Any CPU
		{142B3802-C400-4BF3-AE41-EEF3EDFADC4D}.Debug|x64.Build.0 = Debug|Any CPU
		{142B3802-C400-4BF3-AE41-EEF3EDFADC4D}.Debug|x86.ActiveCfg = Debug|Any CPU
		{142B3802-C400-4BF3-AE41-EEF3EDFADC4D}.Debug|x86.Build.0 = Debug|Any CPU
		{142B3802-C400-4BF3-AE41-EEF3EDFADC4D}.Release|Any CPU.ActiveCfg = Release|Any CPU
		{142B3802-C400-4BF3-AE41-EEF3EDFADC4D}.Release|Any CPU.Build.0 = Release|Any CPU
		{142B3802-C400-4BF3-AE41-EEF3EDFADC4D}.Release|x64.ActiveCfg = Release|Any CPU
		{142B3802-C400-4BF3-AE41-EEF3EDFADC4D}.Release|x64.Build.0 = Release|Any CPU
		{142B3802-C400-4BF3-AE41-EEF3EDFADC4D}.Release|x86.ActiveCfg = Release|Any CPU
		{142B3802-C400-4BF3-AE41-EEF3EDFADC4D}.Release|x86.Build.0 = Release|Any CPU
		{A9ECF40E-B00B-4D9F-96D2-CF3F7E24D9C0}.Debug|Any CPU.ActiveCfg = Debug|Any CPU
		{A9ECF40E-B00B-4D9F-96D2-CF3F7E24D9C0}.Debug|Any CPU.Build.0 = Debug|Any CPU
		{A9ECF40E-B00B-4D9F-96D2-CF3F7E24D9C0}.Debug|x64.ActiveCfg = Debug|Any CPU
		{A9ECF40E-B00B-4D9F-96D2-CF3F7E24D9C0}.Debug|x64.Build.0 = Debug|Any CPU
		{A9ECF40E-B00B-4D9F-96D2-CF3F7E24D9C0}.Debug|x86.ActiveCfg = Debug|Any CPU
		{A9ECF40E-B00B-4D9F-96D2-CF3F7E24D9C0}.Debug|x86.Build.0 = Debug|Any CPU
		{A9ECF40E-B00B-4D9F-96D2-CF3F7E24D9C0}.Release|Any CPU.ActiveCfg = Release|Any CPU
		{A9ECF40E-B00B-4D9F-96D2-CF3F7E24D9C0}.Release|Any CPU.Build.0 = Release|Any CPU
		{A9ECF40E-B00B-4D9F-96D2-CF3F7E24D9C0}.Release|x64.ActiveCfg = Release|Any CPU
		{A9ECF40E-B00B-4D9F-96D2-CF3F7E24D9C0}.Release|x64.Build.0 = Release|Any CPU
		{A9ECF40E-B00B-4D9F-96D2-CF3F7E24D9C0}.Release|x86.ActiveCfg = Release|Any CPU
		{A9ECF40E-B00B-4D9F-96D2-CF3F7E24D9C0}.Release|x86.Build.0 = Release|Any CPU
		{27271AE1-A44E-427D-94AE-B2CC8619E54E}.Debug|Any CPU.ActiveCfg = Debug|Any CPU
		{27271AE1-A44E-427D-94AE-B2CC8619E54E}.Debug|Any CPU.Build.0 = Debug|Any CPU
		{27271AE1-A44E-427D-94AE-B2CC8619E54E}.Debug|x64.ActiveCfg = Debug|Any CPU
		{27271AE1-A44E-427D-94AE-B2CC8619E54E}.Debug|x64.Build.0 = Debug|Any CPU
		{27271AE1-A44E-427D-94AE-B2CC8619E54E}.Debug|x86.ActiveCfg = Debug|Any CPU
		{27271AE1-A44E-427D-94AE-B2CC8619E54E}.Debug|x86.Build.0 = Debug|Any CPU
		{27271AE1-A44E-427D-94AE-B2CC8619E54E}.Release|Any CPU.ActiveCfg = Release|Any CPU
		{27271AE1-A44E-427D-94AE-B2CC8619E54E}.Release|Any CPU.Build.0 = Release|Any CPU
		{27271AE1-A44E-427D-94AE-B2CC8619E54E}.Release|x64.ActiveCfg = Release|Any CPU
		{27271AE1-A44E-427D-94AE-B2CC8619E54E}.Release|x64.Build.0 = Release|Any CPU
		{27271AE1-A44E-427D-94AE-B2CC8619E54E}.Release|x86.ActiveCfg = Release|Any CPU
		{27271AE1-A44E-427D-94AE-B2CC8619E54E}.Release|x86.Build.0 = Release|Any CPU
		{1B64E0D5-401B-4104-AB1C-D031FE5B03A7}.Debug|Any CPU.ActiveCfg = Debug|Any CPU
		{1B64E0D5-401B-4104-AB1C-D031FE5B03A7}.Debug|Any CPU.Build.0 = Debug|Any CPU
		{1B64E0D5-401B-4104-AB1C-D031FE5B03A7}.Debug|x64.ActiveCfg = Debug|Any CPU
		{1B64E0D5-401B-4104-AB1C-D031FE5B03A7}.Debug|x64.Build.0 = Debug|Any CPU
		{1B64E0D5-401B-4104-AB1C-D031FE5B03A7}.Debug|x86.ActiveCfg = Debug|Any CPU
		{1B64E0D5-401B-4104-AB1C-D031FE5B03A7}.Debug|x86.Build.0 = Debug|Any CPU
		{1B64E0D5-401B-4104-AB1C-D031FE5B03A7}.Release|Any CPU.ActiveCfg = Release|Any CPU
		{1B64E0D5-401B-4104-AB1C-D031FE5B03A7}.Release|Any CPU.Build.0 = Release|Any CPU
		{1B64E0D5-401B-4104-AB1C-D031FE5B03A7}.Release|x64.ActiveCfg = Release|Any CPU
		{1B64E0D5-401B-4104-AB1C-D031FE5B03A7}.Release|x64.Build.0 = Release|Any CPU
		{1B64E0D5-401B-4104-AB1C-D031FE5B03A7}.Release|x86.ActiveCfg = Release|Any CPU
		{1B64E0D5-401B-4104-AB1C-D031FE5B03A7}.Release|x86.Build.0 = Release|Any CPU
		{884347E3-619E-4888-AE67-174A189B5207}.Debug|Any CPU.ActiveCfg = Debug|Any CPU
		{884347E3-619E-4888-AE67-174A189B5207}.Debug|Any CPU.Build.0 = Debug|Any CPU
		{884347E3-619E-4888-AE67-174A189B5207}.Debug|x64.ActiveCfg = Debug|Any CPU
		{884347E3-619E-4888-AE67-174A189B5207}.Debug|x64.Build.0 = Debug|Any CPU
		{884347E3-619E-4888-AE67-174A189B5207}.Debug|x86.ActiveCfg = Debug|Any CPU
		{884347E3-619E-4888-AE67-174A189B5207}.Debug|x86.Build.0 = Debug|Any CPU
		{884347E3-619E-4888-AE67-174A189B5207}.Release|Any CPU.ActiveCfg = Release|Any CPU
		{884347E3-619E-4888-AE67-174A189B5207}.Release|Any CPU.Build.0 = Release|Any CPU
		{884347E3-619E-4888-AE67-174A189B5207}.Release|x64.ActiveCfg = Release|Any CPU
		{884347E3-619E-4888-AE67-174A189B5207}.Release|x64.Build.0 = Release|Any CPU
		{884347E3-619E-4888-AE67-174A189B5207}.Release|x86.ActiveCfg = Release|Any CPU
		{884347E3-619E-4888-AE67-174A189B5207}.Release|x86.Build.0 = Release|Any CPU
		{B7F2AA5E-6A13-4C71-86C6-F919AA7F8649}.Debug|Any CPU.ActiveCfg = Debug|Any CPU
		{B7F2AA5E-6A13-4C71-86C6-F919AA7F8649}.Debug|Any CPU.Build.0 = Debug|Any CPU
		{B7F2AA5E-6A13-4C71-86C6-F919AA7F8649}.Debug|x64.ActiveCfg = Debug|Any CPU
		{B7F2AA5E-6A13-4C71-86C6-F919AA7F8649}.Debug|x64.Build.0 = Debug|Any CPU
		{B7F2AA5E-6A13-4C71-86C6-F919AA7F8649}.Debug|x86.ActiveCfg = Debug|Any CPU
		{B7F2AA5E-6A13-4C71-86C6-F919AA7F8649}.Debug|x86.Build.0 = Debug|Any CPU
		{B7F2AA5E-6A13-4C71-86C6-F919AA7F8649}.Release|Any CPU.ActiveCfg = Release|Any CPU
		{B7F2AA5E-6A13-4C71-86C6-F919AA7F8649}.Release|Any CPU.Build.0 = Release|Any CPU
		{B7F2AA5E-6A13-4C71-86C6-F919AA7F8649}.Release|x64.ActiveCfg = Release|Any CPU
		{B7F2AA5E-6A13-4C71-86C6-F919AA7F8649}.Release|x64.Build.0 = Release|Any CPU
		{B7F2AA5E-6A13-4C71-86C6-F919AA7F8649}.Release|x86.ActiveCfg = Release|Any CPU
		{B7F2AA5E-6A13-4C71-86C6-F919AA7F8649}.Release|x86.Build.0 = Release|Any CPU
		{875DC9B2-73C3-478F-9174-07D646E49AF5}.Debug|Any CPU.ActiveCfg = Debug|Any CPU
		{875DC9B2-73C3-478F-9174-07D646E49AF5}.Debug|Any CPU.Build.0 = Debug|Any CPU
		{875DC9B2-73C3-478F-9174-07D646E49AF5}.Debug|x64.ActiveCfg = Debug|Any CPU
		{875DC9B2-73C3-478F-9174-07D646E49AF5}.Debug|x64.Build.0 = Debug|Any CPU
		{875DC9B2-73C3-478F-9174-07D646E49AF5}.Debug|x86.ActiveCfg = Debug|Any CPU
		{875DC9B2-73C3-478F-9174-07D646E49AF5}.Debug|x86.Build.0 = Debug|Any CPU
		{875DC9B2-73C3-478F-9174-07D646E49AF5}.Release|Any CPU.ActiveCfg = Release|Any CPU
		{875DC9B2-73C3-478F-9174-07D646E49AF5}.Release|Any CPU.Build.0 = Release|Any CPU
		{875DC9B2-73C3-478F-9174-07D646E49AF5}.Release|x64.ActiveCfg = Release|Any CPU
		{875DC9B2-73C3-478F-9174-07D646E49AF5}.Release|x64.Build.0 = Release|Any CPU
		{875DC9B2-73C3-478F-9174-07D646E49AF5}.Release|x86.ActiveCfg = Release|Any CPU
		{875DC9B2-73C3-478F-9174-07D646E49AF5}.Release|x86.Build.0 = Release|Any CPU
		{6A218379-2D9C-4507-8DB2-593DAC10A988}.Debug|Any CPU.ActiveCfg = Debug|Any CPU
		{6A218379-2D9C-4507-8DB2-593DAC10A988}.Debug|Any CPU.Build.0 = Debug|Any CPU
		{6A218379-2D9C-4507-8DB2-593DAC10A988}.Debug|x64.ActiveCfg = Debug|Any CPU
		{6A218379-2D9C-4507-8DB2-593DAC10A988}.Debug|x64.Build.0 = Debug|Any CPU
		{6A218379-2D9C-4507-8DB2-593DAC10A988}.Debug|x86.ActiveCfg = Debug|Any CPU
		{6A218379-2D9C-4507-8DB2-593DAC10A988}.Debug|x86.Build.0 = Debug|Any CPU
		{6A218379-2D9C-4507-8DB2-593DAC10A988}.Release|Any CPU.ActiveCfg = Release|Any CPU
		{6A218379-2D9C-4507-8DB2-593DAC10A988}.Release|Any CPU.Build.0 = Release|Any CPU
		{6A218379-2D9C-4507-8DB2-593DAC10A988}.Release|x64.ActiveCfg = Release|Any CPU
		{6A218379-2D9C-4507-8DB2-593DAC10A988}.Release|x64.Build.0 = Release|Any CPU
		{6A218379-2D9C-4507-8DB2-593DAC10A988}.Release|x86.ActiveCfg = Release|Any CPU
		{6A218379-2D9C-4507-8DB2-593DAC10A988}.Release|x86.Build.0 = Release|Any CPU
		{EF00608F-5071-406C-8CC3-095BC2C420D8}.Debug|Any CPU.ActiveCfg = Debug|Any CPU
		{EF00608F-5071-406C-8CC3-095BC2C420D8}.Debug|Any CPU.Build.0 = Debug|Any CPU
		{EF00608F-5071-406C-8CC3-095BC2C420D8}.Debug|x64.ActiveCfg = Debug|Any CPU
		{EF00608F-5071-406C-8CC3-095BC2C420D8}.Debug|x64.Build.0 = Debug|Any CPU
		{EF00608F-5071-406C-8CC3-095BC2C420D8}.Debug|x86.ActiveCfg = Debug|Any CPU
		{EF00608F-5071-406C-8CC3-095BC2C420D8}.Debug|x86.Build.0 = Debug|Any CPU
		{EF00608F-5071-406C-8CC3-095BC2C420D8}.Release|Any CPU.ActiveCfg = Release|Any CPU
		{EF00608F-5071-406C-8CC3-095BC2C420D8}.Release|Any CPU.Build.0 = Release|Any CPU
		{EF00608F-5071-406C-8CC3-095BC2C420D8}.Release|x64.ActiveCfg = Release|Any CPU
		{EF00608F-5071-406C-8CC3-095BC2C420D8}.Release|x64.Build.0 = Release|Any CPU
		{EF00608F-5071-406C-8CC3-095BC2C420D8}.Release|x86.ActiveCfg = Release|Any CPU
		{EF00608F-5071-406C-8CC3-095BC2C420D8}.Release|x86.Build.0 = Release|Any CPU
		{9EB3653F-C703-4993-8BED-2C911A8D6B92}.Debug|Any CPU.ActiveCfg = Debug|Any CPU
		{9EB3653F-C703-4993-8BED-2C911A8D6B92}.Debug|Any CPU.Build.0 = Debug|Any CPU
		{9EB3653F-C703-4993-8BED-2C911A8D6B92}.Debug|x64.ActiveCfg = Debug|Any CPU
		{9EB3653F-C703-4993-8BED-2C911A8D6B92}.Debug|x64.Build.0 = Debug|Any CPU
		{9EB3653F-C703-4993-8BED-2C911A8D6B92}.Debug|x86.ActiveCfg = Debug|Any CPU
		{9EB3653F-C703-4993-8BED-2C911A8D6B92}.Debug|x86.Build.0 = Debug|Any CPU
		{9EB3653F-C703-4993-8BED-2C911A8D6B92}.Release|Any CPU.ActiveCfg = Release|Any CPU
		{9EB3653F-C703-4993-8BED-2C911A8D6B92}.Release|Any CPU.Build.0 = Release|Any CPU
		{9EB3653F-C703-4993-8BED-2C911A8D6B92}.Release|x64.ActiveCfg = Release|Any CPU
		{9EB3653F-C703-4993-8BED-2C911A8D6B92}.Release|x64.Build.0 = Release|Any CPU
		{9EB3653F-C703-4993-8BED-2C911A8D6B92}.Release|x86.ActiveCfg = Release|Any CPU
		{9EB3653F-C703-4993-8BED-2C911A8D6B92}.Release|x86.Build.0 = Release|Any CPU
		{03B1FA08-54B8-4284-A638-8854CC409C08}.Debug|Any CPU.ActiveCfg = Debug|Any CPU
		{03B1FA08-54B8-4284-A638-8854CC409C08}.Debug|Any CPU.Build.0 = Debug|Any CPU
		{03B1FA08-54B8-4284-A638-8854CC409C08}.Debug|x64.ActiveCfg = Debug|Any CPU
		{03B1FA08-54B8-4284-A638-8854CC409C08}.Debug|x64.Build.0 = Debug|Any CPU
		{03B1FA08-54B8-4284-A638-8854CC409C08}.Debug|x86.ActiveCfg = Debug|Any CPU
		{03B1FA08-54B8-4284-A638-8854CC409C08}.Debug|x86.Build.0 = Debug|Any CPU
		{03B1FA08-54B8-4284-A638-8854CC409C08}.Release|Any CPU.ActiveCfg = Release|Any CPU
		{03B1FA08-54B8-4284-A638-8854CC409C08}.Release|Any CPU.Build.0 = Release|Any CPU
		{03B1FA08-54B8-4284-A638-8854CC409C08}.Release|x64.ActiveCfg = Release|Any CPU
		{03B1FA08-54B8-4284-A638-8854CC409C08}.Release|x64.Build.0 = Release|Any CPU
		{03B1FA08-54B8-4284-A638-8854CC409C08}.Release|x86.ActiveCfg = Release|Any CPU
		{03B1FA08-54B8-4284-A638-8854CC409C08}.Release|x86.Build.0 = Release|Any CPU
		{51E78178-62C8-4808-8352-F7AA4F70070E}.Debug|Any CPU.ActiveCfg = Debug|Any CPU
		{51E78178-62C8-4808-8352-F7AA4F70070E}.Debug|Any CPU.Build.0 = Debug|Any CPU
		{51E78178-62C8-4808-8352-F7AA4F70070E}.Debug|x64.ActiveCfg = Debug|Any CPU
		{51E78178-62C8-4808-8352-F7AA4F70070E}.Debug|x64.Build.0 = Debug|Any CPU
		{51E78178-62C8-4808-8352-F7AA4F70070E}.Debug|x86.ActiveCfg = Debug|Any CPU
		{51E78178-62C8-4808-8352-F7AA4F70070E}.Debug|x86.Build.0 = Debug|Any CPU
		{51E78178-62C8-4808-8352-F7AA4F70070E}.Release|Any CPU.ActiveCfg = Release|Any CPU
		{51E78178-62C8-4808-8352-F7AA4F70070E}.Release|Any CPU.Build.0 = Release|Any CPU
		{51E78178-62C8-4808-8352-F7AA4F70070E}.Release|x64.ActiveCfg = Release|Any CPU
		{51E78178-62C8-4808-8352-F7AA4F70070E}.Release|x64.Build.0 = Release|Any CPU
		{51E78178-62C8-4808-8352-F7AA4F70070E}.Release|x86.ActiveCfg = Release|Any CPU
		{51E78178-62C8-4808-8352-F7AA4F70070E}.Release|x86.Build.0 = Release|Any CPU
		{EF8D9C7F-CAF9-4E55-A0A0-169A0C7733A0}.Debug|Any CPU.ActiveCfg = Debug|Any CPU
		{EF8D9C7F-CAF9-4E55-A0A0-169A0C7733A0}.Debug|Any CPU.Build.0 = Debug|Any CPU
		{EF8D9C7F-CAF9-4E55-A0A0-169A0C7733A0}.Debug|x64.ActiveCfg = Debug|Any CPU
		{EF8D9C7F-CAF9-4E55-A0A0-169A0C7733A0}.Debug|x64.Build.0 = Debug|Any CPU
		{EF8D9C7F-CAF9-4E55-A0A0-169A0C7733A0}.Debug|x86.ActiveCfg = Debug|Any CPU
		{EF8D9C7F-CAF9-4E55-A0A0-169A0C7733A0}.Debug|x86.Build.0 = Debug|Any CPU
		{EF8D9C7F-CAF9-4E55-A0A0-169A0C7733A0}.Release|Any CPU.ActiveCfg = Release|Any CPU
		{EF8D9C7F-CAF9-4E55-A0A0-169A0C7733A0}.Release|Any CPU.Build.0 = Release|Any CPU
		{EF8D9C7F-CAF9-4E55-A0A0-169A0C7733A0}.Release|x64.ActiveCfg = Release|Any CPU
		{EF8D9C7F-CAF9-4E55-A0A0-169A0C7733A0}.Release|x64.Build.0 = Release|Any CPU
		{EF8D9C7F-CAF9-4E55-A0A0-169A0C7733A0}.Release|x86.ActiveCfg = Release|Any CPU
		{EF8D9C7F-CAF9-4E55-A0A0-169A0C7733A0}.Release|x86.Build.0 = Release|Any CPU
		{F56138BB-8C8E-4328-A187-988012FC9A5E}.Debug|Any CPU.ActiveCfg = Debug|Any CPU
		{F56138BB-8C8E-4328-A187-988012FC9A5E}.Debug|Any CPU.Build.0 = Debug|Any CPU
		{F56138BB-8C8E-4328-A187-988012FC9A5E}.Debug|x64.ActiveCfg = Debug|Any CPU
		{F56138BB-8C8E-4328-A187-988012FC9A5E}.Debug|x64.Build.0 = Debug|Any CPU
		{F56138BB-8C8E-4328-A187-988012FC9A5E}.Debug|x86.ActiveCfg = Debug|Any CPU
		{F56138BB-8C8E-4328-A187-988012FC9A5E}.Debug|x86.Build.0 = Debug|Any CPU
		{F56138BB-8C8E-4328-A187-988012FC9A5E}.Release|Any CPU.ActiveCfg = Release|Any CPU
		{F56138BB-8C8E-4328-A187-988012FC9A5E}.Release|Any CPU.Build.0 = Release|Any CPU
		{F56138BB-8C8E-4328-A187-988012FC9A5E}.Release|x64.ActiveCfg = Release|Any CPU
		{F56138BB-8C8E-4328-A187-988012FC9A5E}.Release|x64.Build.0 = Release|Any CPU
		{F56138BB-8C8E-4328-A187-988012FC9A5E}.Release|x86.ActiveCfg = Release|Any CPU
		{F56138BB-8C8E-4328-A187-988012FC9A5E}.Release|x86.Build.0 = Release|Any CPU
	EndGlobalSection
	GlobalSection(SolutionProperties) = preSolution
		HideSolutionNode = FALSE
	EndGlobalSection
	GlobalSection(NestedProjects) = preSolution
		{4E87B087-D650-4203-B1E1-A8C415520DAD} = {8118747A-1DF5-4A7B-99A1-10DF12604C72}
		{17A1837A-CFB5-4B44-B513-3C3B08F45C63} = {8118747A-1DF5-4A7B-99A1-10DF12604C72}
		{407ECF31-AB60-4856-8E35-B97C55FD163F} = {8118747A-1DF5-4A7B-99A1-10DF12604C72}
		{4BAFACE4-699B-440E-89DD-B5498BC8530E} = {8118747A-1DF5-4A7B-99A1-10DF12604C72}
		{2251E66F-FC64-4A5F-87F3-8EF2EF760E2C} = {8118747A-1DF5-4A7B-99A1-10DF12604C72}
		{142B3802-C400-4BF3-AE41-EEF3EDFADC4D} = {8118747A-1DF5-4A7B-99A1-10DF12604C72}
		{A9ECF40E-B00B-4D9F-96D2-CF3F7E24D9C0} = {8118747A-1DF5-4A7B-99A1-10DF12604C72}
		{27271AE1-A44E-427D-94AE-B2CC8619E54E} = {8118747A-1DF5-4A7B-99A1-10DF12604C72}
		{1B64E0D5-401B-4104-AB1C-D031FE5B03A7} = {8118747A-1DF5-4A7B-99A1-10DF12604C72}
		{884347E3-619E-4888-AE67-174A189B5207} = {8118747A-1DF5-4A7B-99A1-10DF12604C72}
		{B7F2AA5E-6A13-4C71-86C6-F919AA7F8649} = {8118747A-1DF5-4A7B-99A1-10DF12604C72}
		{875DC9B2-73C3-478F-9174-07D646E49AF5} = {8118747A-1DF5-4A7B-99A1-10DF12604C72}
		{6A218379-2D9C-4507-8DB2-593DAC10A988} = {8118747A-1DF5-4A7B-99A1-10DF12604C72}
		{EF00608F-5071-406C-8CC3-095BC2C420D8} = {8118747A-1DF5-4A7B-99A1-10DF12604C72}
		{9EB3653F-C703-4993-8BED-2C911A8D6B92} = {8118747A-1DF5-4A7B-99A1-10DF12604C72}
		{03B1FA08-54B8-4284-A638-8854CC409C08} = {8118747A-1DF5-4A7B-99A1-10DF12604C72}
		{51E78178-62C8-4808-8352-F7AA4F70070E} = {8118747A-1DF5-4A7B-99A1-10DF12604C72}
		{EF8D9C7F-CAF9-4E55-A0A0-169A0C7733A0} = {8118747A-1DF5-4A7B-99A1-10DF12604C72}
		{F56138BB-8C8E-4328-A187-988012FC9A5E} = {8118747A-1DF5-4A7B-99A1-10DF12604C72}
	EndGlobalSection
	GlobalSection(ExtensibilityGlobals) = postSolution
		SolutionGuid = {1D21334B-F778-4C23-9BF7-9B0E16C37398}
	EndGlobalSection
EndGlobal
