
Microsoft Visual Studio Solution File, Format Version 12.00
# Visual Studio Version 16
VisualStudioVersion = 16.0.30114.105
MinimumVisualStudioVersion = 10.0.40219.1
Project("{FAE04EC0-301F-11D3-BF4B-00C04F79EFBC}") = "R5T.Thessaloniki.CDrive", "R5T.Thessaloniki.CDrive\R5T.Thessaloniki.CDrive.csproj", "{2837B26A-BE2F-480C-AECF-973814B6E8A5}"
EndProject
Project("{FAE04EC0-301F-11D3-BF4B-00C04F79EFBC}") = "R5T.Thessaloniki.CDrive.Construction", "R5T.Thessaloniki.CDrive.Construction\R5T.Thessaloniki.CDrive.Construction.csproj", "{146216E0-5739-459E-9E03-314A0854508A}"
EndProject
Project("{FAE04EC0-301F-11D3-BF4B-00C04F79EFBC}") = "R5T.Thessaloniki.CDrive.Testing", "R5T.Thessaloniki.CDrive.Testing\R5T.Thessaloniki.CDrive.Testing.csproj", "{924D92AF-32C6-4F5A-93A6-E6713DCE4D1A}"
EndProject
Global
	GlobalSection(SolutionConfigurationPlatforms) = preSolution
		Debug|Any CPU = Debug|Any CPU
		Debug|x64 = Debug|x64
		Debug|x86 = Debug|x86
		Release|Any CPU = Release|Any CPU
		Release|x64 = Release|x64
		Release|x86 = Release|x86
	EndGlobalSection
	GlobalSection(SolutionProperties) = preSolution
		HideSolutionNode = FALSE
	EndGlobalSection
	GlobalSection(ProjectConfigurationPlatforms) = postSolution
		{2837B26A-BE2F-480C-AECF-973814B6E8A5}.Debug|Any CPU.ActiveCfg = Debug|Any CPU
		{2837B26A-BE2F-480C-AECF-973814B6E8A5}.Debug|Any CPU.Build.0 = Debug|Any CPU
		{2837B26A-BE2F-480C-AECF-973814B6E8A5}.Debug|x64.ActiveCfg = Debug|Any CPU
		{2837B26A-BE2F-480C-AECF-973814B6E8A5}.Debug|x64.Build.0 = Debug|Any CPU
		{2837B26A-BE2F-480C-AECF-973814B6E8A5}.Debug|x86.ActiveCfg = Debug|Any CPU
		{2837B26A-BE2F-480C-AECF-973814B6E8A5}.Debug|x86.Build.0 = Debug|Any CPU
		{2837B26A-BE2F-480C-AECF-973814B6E8A5}.Release|Any CPU.ActiveCfg = Release|Any CPU
		{2837B26A-BE2F-480C-AECF-973814B6E8A5}.Release|Any CPU.Build.0 = Release|Any CPU
		{2837B26A-BE2F-480C-AECF-973814B6E8A5}.Release|x64.ActiveCfg = Release|Any CPU
		{2837B26A-BE2F-480C-AECF-973814B6E8A5}.Release|x64.Build.0 = Release|Any CPU
		{2837B26A-BE2F-480C-AECF-973814B6E8A5}.Release|x86.ActiveCfg = Release|Any CPU
		{2837B26A-BE2F-480C-AECF-973814B6E8A5}.Release|x86.Build.0 = Release|Any CPU
		{146216E0-5739-459E-9E03-314A0854508A}.Debug|Any CPU.ActiveCfg = Debug|Any CPU
		{146216E0-5739-459E-9E03-314A0854508A}.Debug|Any CPU.Build.0 = Debug|Any CPU
		{146216E0-5739-459E-9E03-314A0854508A}.Debug|x64.ActiveCfg = Debug|Any CPU
		{146216E0-5739-459E-9E03-314A0854508A}.Debug|x64.Build.0 = Debug|Any CPU
		{146216E0-5739-459E-9E03-314A0854508A}.Debug|x86.ActiveCfg = Debug|Any CPU
		{146216E0-5739-459E-9E03-314A0854508A}.Debug|x86.Build.0 = Debug|Any CPU
		{146216E0-5739-459E-9E03-314A0854508A}.Release|Any CPU.ActiveCfg = Release|Any CPU
		{146216E0-5739-459E-9E03-314A0854508A}.Release|Any CPU.Build.0 = Release|Any CPU
		{146216E0-5739-459E-9E03-314A0854508A}.Release|x64.ActiveCfg = Release|Any CPU
		{146216E0-5739-459E-9E03-314A0854508A}.Release|x64.Build.0 = Release|Any CPU
		{146216E0-5739-459E-9E03-314A0854508A}.Release|x86.ActiveCfg = Release|Any CPU
		{146216E0-5739-459E-9E03-314A0854508A}.Release|x86.Build.0 = Release|Any CPU
		{924D92AF-32C6-4F5A-93A6-E6713DCE4D1A}.Debug|Any CPU.ActiveCfg = Debug|Any CPU
		{924D92AF-32C6-4F5A-93A6-E6713DCE4D1A}.Debug|Any CPU.Build.0 = Debug|Any CPU
		{924D92AF-32C6-4F5A-93A6-E6713DCE4D1A}.Debug|x64.ActiveCfg = Debug|Any CPU
		{924D92AF-32C6-4F5A-93A6-E6713DCE4D1A}.Debug|x64.Build.0 = Debug|Any CPU
		{924D92AF-32C6-4F5A-93A6-E6713DCE4D1A}.Debug|x86.ActiveCfg = Debug|Any CPU
		{924D92AF-32C6-4F5A-93A6-E6713DCE4D1A}.Debug|x86.Build.0 = Debug|Any CPU
		{924D92AF-32C6-4F5A-93A6-E6713DCE4D1A}.Release|Any CPU.ActiveCfg = Release|Any CPU
		{924D92AF-32C6-4F5A-93A6-E6713DCE4D1A}.Release|Any CPU.Build.0 = Release|Any CPU
		{924D92AF-32C6-4F5A-93A6-E6713DCE4D1A}.Release|x64.ActiveCfg = Release|Any CPU
		{924D92AF-32C6-4F5A-93A6-E6713DCE4D1A}.Release|x64.Build.0 = Release|Any CPU
		{924D92AF-32C6-4F5A-93A6-E6713DCE4D1A}.Release|x86.ActiveCfg = Release|Any CPU
		{924D92AF-32C6-4F5A-93A6-E6713DCE4D1A}.Release|x86.Build.0 = Release|Any CPU
	EndGlobalSection
EndGlobal
